<?xml version="1.0" encoding="utf-8"?>
<Project ToolsVersion="4.0" xmlns="http://schemas.microsoft.com/developer/msbuild/2003">
  <ItemGroup>
    <Filter Include="Source Files">
      <UniqueIdentifier>{4FC737F1-C7A5-4376-A066-2A32D752A2FF}</UniqueIdentifier>
      <Extensions>cpp;c;cc;cxx;def;odl;idl;hpj;bat;asm;asmx</Extensions>
    </Filter>
    <Filter Include="Header Files">
      <UniqueIdentifier>{93995380-89BD-4b04-88EB-625FBE52EBFB}</UniqueIdentifier>
      <Extensions>h;hh;hpp;hxx;hm;inl;inc;xsd</Extensions>
    </Filter>
    <Filter Include="Resource Files">
      <UniqueIdentifier>{67DA6AB6-F800-4c08-8B7A-83BB121AAD01}</UniqueIdentifier>
      <Extensions>rc;ico;cur;bmp;dlg;rc2;rct;bin;rgs;gif;jpg;jpeg;jpe;resx;tiff;tif;png;wav;mfcribbon-ms</Extensions>
    </Filter>
    <Filter Include="library">
      <UniqueIdentifier>{375262a6-5649-4ee1-b5a3-fb76c0353841}</UniqueIdentifier>
    </Filter>
  </ItemGroup>
  <ItemGroup>
    <Text Include="ReadMe.txt" />
    <Text Include="resource\intro-1.txt">
      <Filter>Resource Files</Filter>
    </Text>
    <Text Include="resource\intro-2.txt">
      <Filter>Resource Files</Filter>
    </Text>
    <Text Include="resource\intro-3.txt">
      <Filter>Resource Files</Filter>
    </Text>
    <Text Include="resource\intro-4.txt">
      <Filter>Resource Files</Filter>
    </Text>
    <Text Include="resource\intro-5.txt">
      <Filter>Resource Files</Filter>
    </Text>
    <Text Include="resource\intro-6.txt">
      <Filter>Resource Files</Filter>
    </Text>
    <Text Include="resource\result.txt">
      <Filter>Resource Files</Filter>
    </Text>
    <Text Include="resource\training-0.txt">
      <Filter>Resource Files</Filter>
    </Text>
    <Text Include="resource\training-1.txt">
      <Filter>Resource Files</Filter>
    </Text>
    <Text Include="resource\training-2.txt">
      <Filter>Resource Files</Filter>
    </Text>
    <Text Include="resource\training-3.txt">
      <Filter>Resource Files</Filter>
    </Text>
    <Text Include="resource\training-4.txt">
      <Filter>Resource Files</Filter>
    </Text>
    <Text Include="resource\recharge.txt">
      <Filter>Resource Files</Filter>
    </Text>
    <Text Include="resource\idle-0.txt">
      <Filter>Resource Files</Filter>
    </Text>
    <Text Include="resource\idle-1.txt">
      <Filter>Resource Files</Filter>
    </Text>
    <Text Include="resource\idle-2.txt">
      <Filter>Resource Files</Filter>
    </Text>
    <Text Include="resource\idle-3.txt">
      <Filter>Resource Files</Filter>
    </Text>
    <Text Include="resource\idle-4.txt">
      <Filter>Resource Files</Filter>
    </Text>
    <Text Include="resource\idle-5.txt">
      <Filter>Resource Files</Filter>
    </Text>
    <Text Include="resource\race-suffer.txt">
      <Filter>Resource Files</Filter>
    </Text>
  </ItemGroup>
  <ItemGroup>
    <ClInclude Include="stdafx.h">
      <Filter>Header Files</Filter>
    </ClInclude>
    <ClInclude Include="logics.h">
      <Filter>Header Files</Filter>
    </ClInclude>
    <ClInclude Include="library\farming.h">
      <Filter>library</Filter>
    </ClInclude>
    <ClInclude Include="library\pch.h">
      <Filter>library</Filter>
    </ClInclude>
    <ClInclude Include="library\util.h">
      <Filter>library</Filter>
    </ClInclude>
    <ClInclude Include="library\inventory.h">
      <Filter>library</Filter>
    </ClInclude>
    <ClInclude Include="library\trade.h">
      <Filter>library</Filter>
    </ClInclude>
  </ItemGroup>
  <ItemGroup>
    <ClCompile Include="cat.cpp">
      <Filter>Source Files</Filter>
    </ClCompile>
    <ClCompile Include="logics.cpp">
      <Filter>Source Files</Filter>
    </ClCompile>
    <ClCompile Include="library\farming.cpp">
      <Filter>library</Filter>
    </ClCompile>
    <ClCompile Include="library\util.cpp">
      <Filter>library</Filter>
    </ClCompile>
    <ClCompile Include="library\inventory.cpp">
      <Filter>library</Filter>
    </ClCompile>
    <ClCompile Include="library\trade.cpp">
      <Filter>library</Filter>
    </ClCompile>
  </ItemGroup>
  <ItemGroup>
    <None Include="resource\meta.json">
      <Filter>Resource Files</Filter>
    </None>
    <None Include="resource\actor.json">
      <Filter>Resource Files</Filter>
    </None>
  </ItemGroup>
</Project>